
Microsoft Visual Studio Solution File, Format Version 12.00
# Visual Studio Version 16
VisualStudioVersion = 16.0.31019.35
MinimumVisualStudioVersion = 10.0.40219.1
Project("{9A19103F-16F7-4668-BE54-9A1E7A4F7556}") = "WpfApp", "WpfApp\WpfApp.csproj", "{EC969BA7-ADF9-4292-8ADF-5C6FF20123E9}"
EndProject
Project("{9A19103F-16F7-4668-BE54-9A1E7A4F7556}") = "Abstractions", "Abstractions\Abstractions.csproj", "{7EA06337-A4A6-406A-B389-CA5519E68D17}"
EndProject
Project("{9A19103F-16F7-4668-BE54-9A1E7A4F7556}") = "SomeLibrary", "SomeLibrary\SomeLibrary.csproj", "{65EC7A95-D721-4D06-83A2-A806446F27FB}"
EndProject
Project("{FAE04EC0-301F-11D3-BF4B-00C04F79EFBC}") = "SomeReferencedLibrary", "SomeReferencedLibrary\SomeReferencedLibrary.csproj", "{A2929CD8-1A2F-4A72-B84C-88AEEBC739B8}"
EndProject
Global
	GlobalSection(SolutionConfigurationPlatforms) = preSolution
		Debug|Any CPU = Debug|Any CPU
		Release|Any CPU = Release|Any CPU
	EndGlobalSection
	GlobalSection(ProjectConfigurationPlatforms) = postSolution
		{EC969BA7-ADF9-4292-8ADF-5C6FF20123E9}.Debug|Any CPU.ActiveCfg = Debug|Any CPU
		{EC969BA7-ADF9-4292-8ADF-5C6FF20123E9}.Debug|Any CPU.Build.0 = Debug|Any CPU
		{EC969BA7-ADF9-4292-8ADF-5C6FF20123E9}.Release|Any CPU.ActiveCfg = Release|Any CPU
		{EC969BA7-ADF9-4292-8ADF-5C6FF20123E9}.Release|Any CPU.Build.0 = Release|Any CPU
		{7EA06337-A4A6-406A-B389-CA5519E68D17}.Debug|Any CPU.ActiveCfg = Debug|Any CPU
		{7EA06337-A4A6-406A-B389-CA5519E68D17}.Debug|Any CPU.Build.0 = Debug|Any CPU
		{7EA06337-A4A6-406A-B389-CA5519E68D17}.Release|Any CPU.ActiveCfg = Release|Any CPU
		{7EA06337-A4A6-406A-B389-CA5519E68D17}.Release|Any CPU.Build.0 = Release|Any CPU
		{65EC7A95-D721-4D06-83A2-A806446F27FB}.Debug|Any CPU.ActiveCfg = Debug|Any CPU
		{65EC7A95-D721-4D06-83A2-A806446F27FB}.Debug|Any CPU.Build.0 = Debug|Any CPU
		{65EC7A95-D721-4D06-83A2-A806446F27FB}.Release|Any CPU.ActiveCfg = Release|Any CPU
		{65EC7A95-D721-4D06-83A2-A806446F27FB}.Release|Any CPU.Build.0 = Release|Any CPU
		{A2929CD8-1A2F-4A72-B84C-88AEEBC739B8}.Debug|Any CPU.ActiveCfg = Debug|Any CPU
		{A2929CD8-1A2F-4A72-B84C-88AEEBC739B8}.Debug|Any CPU.Build.0 = Debug|Any CPU
		{A2929CD8-1A2F-4A72-B84C-88AEEBC739B8}.Release|Any CPU.ActiveCfg = Release|Any CPU
		{A2929CD8-1A2F-4A72-B84C-88AEEBC739B8}.Release|Any CPU.Build.0 = Release|Any CPU
	EndGlobalSection
	GlobalSection(SolutionProperties) = preSolution
		HideSolutionNode = FALSE
	EndGlobalSection
	GlobalSection(ExtensibilityGlobals) = postSolution
		SolutionGuid = {B77827C9-C267-42A7-B349-2EB60E685E91}
	EndGlobalSection
EndGlobal
